
Microsoft Visual Studio Solution File, Format Version 12.00
# Visual Studio Version 16
VisualStudioVersion = 16.0.30611.23
MinimumVisualStudioVersion = 10.0.40219.1
Project("{9A19103F-16F7-4668-BE54-9A1E7A4F7556}") = "ConsolePBH", "ConsolePBH\ConsolePBH.csproj", "{5E907860-4C66-42BE-99AE-99DA21705643}"
EndProject
Project("{9A19103F-16F7-4668-BE54-9A1E7A4F7556}") = "PasswordBasedHashing", "PasswordBasedHashing\PasswordBasedHashing.csproj", "{8AF7355B-EE12-44AA-8810-543CBA37F64B}"
EndProject
Project("{FAE04EC0-301F-11D3-BF4B-00C04F79EFBC}") = "TestingPBH", "TestingPBH\TestingPBH.csproj", "{D0BE714E-DB26-4EAC-8E56-FEC61869708E}"
EndProject
Global
	GlobalSection(SolutionConfigurationPlatforms) = preSolution
		Debug|Any CPU = Debug|Any CPU
		Release|Any CPU = Release|Any CPU
	EndGlobalSection
	GlobalSection(ProjectConfigurationPlatforms) = postSolution
		{5E907860-4C66-42BE-99AE-99DA21705643}.Debug|Any CPU.ActiveCfg = Debug|Any CPU
		{5E907860-4C66-42BE-99AE-99DA21705643}.Debug|Any CPU.Build.0 = Debug|Any CPU
		{5E907860-4C66-42BE-99AE-99DA21705643}.Release|Any CPU.ActiveCfg = Release|Any CPU
		{5E907860-4C66-42BE-99AE-99DA21705643}.Release|Any CPU.Build.0 = Release|Any CPU
		{8AF7355B-EE12-44AA-8810-543CBA37F64B}.Debug|Any CPU.ActiveCfg = Debug|Any CPU
		{8AF7355B-EE12-44AA-8810-543CBA37F64B}.Debug|Any CPU.Build.0 = Debug|Any CPU
		{8AF7355B-EE12-44AA-8810-543CBA37F64B}.Release|Any CPU.ActiveCfg = Release|Any CPU
		{8AF7355B-EE12-44AA-8810-543CBA37F64B}.Release|Any CPU.Build.0 = Release|Any CPU
		{D0BE714E-DB26-4EAC-8E56-FEC61869708E}.Debug|Any CPU.ActiveCfg = Debug|Any CPU
		{D0BE714E-DB26-4EAC-8E56-FEC61869708E}.Debug|Any CPU.Build.0 = Debug|Any CPU
		{D0BE714E-DB26-4EAC-8E56-FEC61869708E}.Release|Any CPU.ActiveCfg = Release|Any CPU
		{D0BE714E-DB26-4EAC-8E56-FEC61869708E}.Release|Any CPU.Build.0 = Release|Any CPU
	EndGlobalSection
	GlobalSection(SolutionProperties) = preSolution
		HideSolutionNode = FALSE
	EndGlobalSection
	GlobalSection(ExtensibilityGlobals) = postSolution
		SolutionGuid = {D6AD0499-FB93-4B9B-8844-C375D1FECE1F}
	EndGlobalSection
EndGlobal
